
Microsoft Visual Studio Solution File, Format Version 12.00
Project("{F2A71F9B-5D33-465A-A702-920D77279786}") = "FizzBuzz", "FizzBuzz\FizzBuzz.fsproj", "{8EACBBF8-1BF5-4EC6-9F1C-01605347F8B5}"
EndProject
Project("{F2A71F9B-5D33-465A-A702-920D77279786}") = "CoinChange", "CoinChange\CoinChange.fsproj", "{BB0328A8-D947-4E5F-84AB-4FEA26D3F0C9}"
EndProject
Project("{F2A71F9B-5D33-465A-A702-920D77279786}") = "Cipher", "Cipher\Cipher.fsproj", "{D2C966B0-C550-4F88-9A3C-4A94E2A16918}"
EndProject
Global
	GlobalSection(SolutionConfigurationPlatforms) = preSolution
		Debug|Any CPU = Debug|Any CPU
		Release|Any CPU = Release|Any CPU
	EndGlobalSection
	GlobalSection(ProjectConfigurationPlatforms) = postSolution
		{8EACBBF8-1BF5-4EC6-9F1C-01605347F8B5}.Debug|Any CPU.ActiveCfg = Debug|Any CPU
		{8EACBBF8-1BF5-4EC6-9F1C-01605347F8B5}.Debug|Any CPU.Build.0 = Debug|Any CPU
		{8EACBBF8-1BF5-4EC6-9F1C-01605347F8B5}.Release|Any CPU.ActiveCfg = Release|Any CPU
		{8EACBBF8-1BF5-4EC6-9F1C-01605347F8B5}.Release|Any CPU.Build.0 = Release|Any CPU
		{BB0328A8-D947-4E5F-84AB-4FEA26D3F0C9}.Debug|Any CPU.ActiveCfg = Debug|Any CPU
		{BB0328A8-D947-4E5F-84AB-4FEA26D3F0C9}.Debug|Any CPU.Build.0 = Debug|Any CPU
		{BB0328A8-D947-4E5F-84AB-4FEA26D3F0C9}.Release|Any CPU.ActiveCfg = Release|Any CPU
		{BB0328A8-D947-4E5F-84AB-4FEA26D3F0C9}.Release|Any CPU.Build.0 = Release|Any CPU
		{D2C966B0-C550-4F88-9A3C-4A94E2A16918}.Debug|Any CPU.ActiveCfg = Debug|Any CPU
		{D2C966B0-C550-4F88-9A3C-4A94E2A16918}.Debug|Any CPU.Build.0 = Debug|Any CPU
		{D2C966B0-C550-4F88-9A3C-4A94E2A16918}.Release|Any CPU.ActiveCfg = Release|Any CPU
		{D2C966B0-C550-4F88-9A3C-4A94E2A16918}.Release|Any CPU.Build.0 = Release|Any CPU
	EndGlobalSection
EndGlobal
